# This file is automatically @generated by Cargo.
# It is not intended for manual editing.
version = 3

[[package]]
name = "ic-cipher"
version = "0.2.9"
dependencies = [
 "ic-core",
]

[[package]]
name = "ic-core"
version = "0.2.9"

[[package]]
name = "ic-drbg"
version = "0.2.9"
dependencies = [
 "ic-cipher",
 "ic-core",
 "ic-hash",
 "ic-mac",
]

[[package]]
name = "ic-ec"
version = "0.2.9"
dependencies = [
 "ic-core",
 "ic-hash",
 "ic-mac",
]

[[package]]
name = "ic-fips"
version = "0.2.9"
dependencies = [
 "ic-cipher",
 "ic-core",
 "ic-drbg",
 "ic-ec",
 "ic-hash",
 "ic-kdf",
 "ic-mac",
 "ic-mldsa",
 "ic-mlkem",
 "ic-ontology",
 "ic-rsa",
]

[[package]]
name = "ic-hash"
version = "0.2.9"
dependencies = [
 "ic-core",
]

[[package]]
name = "ic-json"
version = "0.2.9"

[[package]]
name = "ic-kdf"
version = "0.2.9"
dependencies = [
 "ic-core",
 "ic-hash",
 "ic-mac",
]

[[package]]
name = "ic-mac"
version = "0.2.9"
dependencies = [
 "ic-cipher",
 "ic-core",
 "ic-hash",
]

[[package]]
name = "ic-mldsa"
version = "0.2.9"
dependencies = [
 "ic-core",
 "ic-hash",
]

[[package]]
name = "ic-mlkem"
version = "0.2.9"
dependencies = [
 "ic-core",
 "ic-hash",
]

[[package]]
name = "ic-ontology"
version = "0.2.9"
dependencies = [
 "ic-core",
]

[[package]]
name = "ic-pkix"
version = "0.2.9"
dependencies = [
 "ic-core",
]

[[package]]
name = "ic-rsa"
version = "0.2.9"
dependencies = [
 "ic-core",
 "ic-hash",
]

[[package]]
name = "iron-socket-layer"
version = "0.1.0"
dependencies = [
 "ic-cipher",
 "ic-core",
 "ic-drbg",
 "ic-ec",
 "ic-fips",
 "ic-hash",
 "ic-kdf",
 "ic-mac",
 "ic-mldsa",
 "ic-mlkem",
 "ic-ontology",
 "ic-pkix",
 "ic-rsa",
 "isl-ontology",
]

[[package]]
name = "isl-cli"
version = "0.1.0"
dependencies = [
 "ic-core",
 "ic-fips",
 "ic-json",
 "ic-ontology",
 "ic-pkix",
 "iron-socket-layer",
 "isl-ontology",
]

[[package]]
name = "isl-ontology"
version = "0.1.0"
